
Microsoft Visual Studio Solution File, Format Version 12.00
# Visual Studio 2013
VisualStudioVersion = 12.0.40418.0
MinimumVisualStudioVersion = 10.0.40219.1
Project("{FAE04EC0-301F-11D3-BF4B-00C04F79EFBC}") = "RFID.Order.Console", "RFID.Order.Console\RFID.Order.Console.csproj", "{75336576-503C-4CBA-9F77-79C8F084E315}"
EndProject
Project("{FAE04EC0-301F-11D3-BF4B-00C04F79EFBC}") = "RFID.Order.DataModel", "RFID.Order.DataModel\RFID.Order.DataModel.csproj", "{53D08BEC-AEAE-46A3-89C5-BC4C514F2068}"
EndProject
Project("{FAE04EC0-301F-11D3-BF4B-00C04F79EFBC}") = "RFID.Order.Service", "RFID.Order.Service\RFID.Order.Service.csproj", "{6D3BEE54-90AC-483C-945F-97DAC0FAC4DE}"
EndProject
Global
	GlobalSection(SolutionConfigurationPlatforms) = preSolution
		Debug|Any CPU = Debug|Any CPU
		Release|Any CPU = Release|Any CPU
	EndGlobalSection
	GlobalSection(ProjectConfigurationPlatforms) = postSolution
		{75336576-503C-4CBA-9F77-79C8F084E315}.Debug|Any CPU.ActiveCfg = Debug|Any CPU
		{75336576-503C-4CBA-9F77-79C8F084E315}.Debug|Any CPU.Build.0 = Debug|Any CPU
		{75336576-503C-4CBA-9F77-79C8F084E315}.Release|Any CPU.ActiveCfg = Release|Any CPU
		{75336576-503C-4CBA-9F77-79C8F084E315}.Release|Any CPU.Build.0 = Release|Any CPU
		{53D08BEC-AEAE-46A3-89C5-BC4C514F2068}.Debug|Any CPU.ActiveCfg = Debug|Any CPU
		{53D08BEC-AEAE-46A3-89C5-BC4C514F2068}.Debug|Any CPU.Build.0 = Debug|Any CPU
		{53D08BEC-AEAE-46A3-89C5-BC4C514F2068}.Release|Any CPU.ActiveCfg = Release|Any CPU
		{53D08BEC-AEAE-46A3-89C5-BC4C514F2068}.Release|Any CPU.Build.0 = Release|Any CPU
		{6D3BEE54-90AC-483C-945F-97DAC0FAC4DE}.Debug|Any CPU.ActiveCfg = Debug|Any CPU
		{6D3BEE54-90AC-483C-945F-97DAC0FAC4DE}.Debug|Any CPU.Build.0 = Debug|Any CPU
		{6D3BEE54-90AC-483C-945F-97DAC0FAC4DE}.Release|Any CPU.ActiveCfg = Release|Any CPU
		{6D3BEE54-90AC-483C-945F-97DAC0FAC4DE}.Release|Any CPU.Build.0 = Release|Any CPU
	EndGlobalSection
	GlobalSection(SolutionProperties) = preSolution
		HideSolutionNode = FALSE
	EndGlobalSection
EndGlobal
